<?xml version="1.0" encoding="utf-8"?>
<Project ToolsVersion="4.0" xmlns="http://schemas.microsoft.com/developer/msbuild/2003">
  <ItemGroup>
    <Filter Include="Source Files">
      <UniqueIdentifier>{693f705d-df68-4271-b585-29300381deac}</UniqueIdentifier>
      <Extensions>cpp;c;cxx;rc;def;r;odl;idl;hpj;bat</Extensions>
    </Filter>
    <Filter Include="Source Files\Ultimate ToolBox Source">
      <UniqueIdentifier>{9d2f466d-05d1-4978-96ed-c1f38adaed47}</UniqueIdentifier>
      <Extensions>*.cpp</Extensions>
    </Filter>
    <Filter Include="Header Files">
      <UniqueIdentifier>{fd3346bd-b1a3-498e-85d7-7fdf51e19665}</UniqueIdentifier>
      <Extensions>h;hpp;hxx;hm;inl</Extensions>
    </Filter>
    <Filter Include="Resource Files">
      <UniqueIdentifier>{26f648e8-6975-4210-8a7e-0110d742abe9}</UniqueIdentifier>
      <Extensions>ico;cur;bmp;dlg;rc2;rct;bin;rgs;gif;jpg;jpeg;jpe</Extensions>
    </Filter>
  </ItemGroup>
  <ItemGroup>
    <ClCompile Include="MainFrm.cpp">
      <Filter>Source Files</Filter>
    </ClCompile>
    <ClCompile Include="SideBySideToolbars.cpp">
      <Filter>Source Files</Filter>
    </ClCompile>
    <ClCompile Include="SideBySideToolbarsDoc.cpp">
      <Filter>Source Files</Filter>
    </ClCompile>
    <ClCompile Include="SideBySideToolbarsView.cpp">
      <Filter>Source Files</Filter>
    </ClCompile>
    <ClCompile Include="StdAfx.cpp">
      <Filter>Source Files</Filter>
    </ClCompile>
    <ClCompile Include="..\..\..\source\MFCToolBar.cpp">
      <Filter>Source Files\Ultimate ToolBox Source</Filter>
    </ClCompile>
    <ClCompile Include="..\..\..\source\OX3DTabView.cpp">
      <Filter>Source Files\Ultimate ToolBox Source</Filter>
    </ClCompile>
    <ClCompile Include="..\..\..\source\OXAdvancedAssert.cpp">
      <Filter>Source Files\Ultimate ToolBox Source</Filter>
    </ClCompile>
    <ClCompile Include="..\..\..\source\OXAdvancedAssertMail.cpp">
      <Filter>Source Files\Ultimate ToolBox Source</Filter>
    </ClCompile>
    <ClCompile Include="..\..\..\source\OXBitmapMenu.cpp">
      <Filter>Source Files\Ultimate ToolBox Source</Filter>
    </ClCompile>
    <ClCompile Include="..\..\..\source\OXBitmapMenuOrganizer.cpp">
      <Filter>Source Files\Ultimate ToolBox Source</Filter>
    </ClCompile>
    <ClCompile Include="..\..\..\source\OXCoolToolBar.cpp">
      <Filter>Source Files\Ultimate ToolBox Source</Filter>
    </ClCompile>
    <ClCompile Include="..\..\..\source\OXDockTabCtrl.cpp">
      <Filter>Source Files\Ultimate ToolBox Source</Filter>
    </ClCompile>
    <ClCompile Include="..\..\..\source\OXDragDockContext.CPP">
      <Filter>Source Files\Ultimate ToolBox Source</Filter>
    </ClCompile>
    <ClCompile Include="..\..\..\source\OXFrameWndDock.CPP">
      <Filter>Source Files\Ultimate ToolBox Source</Filter>
    </ClCompile>
    <ClCompile Include="..\..\..\source\OXMDIFloatWnd.cpp">
      <Filter>Source Files\Ultimate ToolBox Source</Filter>
    </ClCompile>
    <ClCompile Include="..\..\..\source\OXMenuBar.cpp">
      <Filter>Source Files\Ultimate ToolBox Source</Filter>
    </ClCompile>
    <ClCompile Include="..\..\..\source\OXRectTracker.cpp">
      <Filter>Source Files\Ultimate ToolBox Source</Filter>
    </ClCompile>
    <ClCompile Include="..\..\..\source\OXShortcutBar.cpp">
      <Filter>Source Files\Ultimate ToolBox Source</Filter>
    </ClCompile>
    <ClCompile Include="..\..\..\source\OXSizeCtrlBar.CPP">
      <Filter>Source Files\Ultimate ToolBox Source</Filter>
    </ClCompile>
    <ClCompile Include="..\..\..\source\OXSizeDockBar.cpp">
      <Filter>Source Files\Ultimate ToolBox Source</Filter>
    </ClCompile>
    <ClCompile Include="..\..\..\source\OXSizeToolBar.cpp">
      <Filter>Source Files\Ultimate ToolBox Source</Filter>
    </ClCompile>
    <ClCompile Include="..\..\..\source\OXSkinnedSpinCtrl.cpp">
      <Filter>Source Files\Ultimate ToolBox Source</Filter>
    </ClCompile>
    <ClCompile Include="..\..\..\source\OXSkinnedTabCtrl.cpp">
      <Filter>Source Files\Ultimate ToolBox Source</Filter>
    </ClCompile>
    <ClCompile Include="..\..\..\source\OXSkins.cpp">
      <Filter>Source Files\Ultimate ToolBox Source</Filter>
    </ClCompile>
    <ClCompile Include="..\..\..\source\OXSplitterRect.cpp">
      <Filter>Source Files\Ultimate ToolBox Source</Filter>
    </ClCompile>
    <ClCompile Include="..\..\..\source\OXSzMiniDockFrmWnd.cpp">
      <Filter>Source Files\Ultimate ToolBox Source</Filter>
    </ClCompile>
    <ClCompile Include="..\..\..\source\OXTabClientWnd.cpp">
      <Filter>Source Files\Ultimate ToolBox Source</Filter>
    </ClCompile>
    <ClCompile Include="..\..\..\Source\OXToolTipCtrl.cpp">
      <Filter>Source Files\Ultimate ToolBox Source</Filter>
    </ClCompile>
    <ClCompile Include="..\..\..\source\OXUxTheme.cpp">
      <Filter>Source Files\Ultimate ToolBox Source</Filter>
    </ClCompile>
    <ClCompile Include="..\..\..\source\UTBStrOp.cpp">
      <Filter>Source Files\Ultimate ToolBox Source</Filter>
    </ClCompile>
    <ClCompile Include="..\..\..\source\Xstatus4.cpp">
      <Filter>Source Files\Ultimate ToolBox Source</Filter>
    </ClCompile>
  </ItemGroup>
  <ItemGroup>
    <ResourceCompile Include="SideBySideToolbars.rc">
      <Filter>Source Files</Filter>
    </ResourceCompile>
  </ItemGroup>
  <ItemGroup>
    <ClInclude Include="MainFrm.h">
      <Filter>Header Files</Filter>
    </ClInclude>
    <ClInclude Include="Resource.h">
      <Filter>Header Files</Filter>
    </ClInclude>
    <ClInclude Include="SideBySideToolbars.h">
      <Filter>Header Files</Filter>
    </ClInclude>
    <ClInclude Include="SideBySideToolbarsDoc.h">
      <Filter>Header Files</Filter>
    </ClInclude>
    <ClInclude Include="SideBySideToolbarsView.h">
      <Filter>Header Files</Filter>
    </ClInclude>
    <ClInclude Include="StdAfx.h">
      <Filter>Header Files</Filter>
    </ClInclude>
  </ItemGroup>
  <ItemGroup>
    <Image Include="res\SideBySideToolbars.ico">
      <Filter>Resource Files</Filter>
    </Image>
    <Image Include="res\SideBySideToolbarsDoc.ico">
      <Filter>Resource Files</Filter>
    </Image>
    <Image Include="res\Toolbar.bmp">
      <Filter>Resource Files</Filter>
    </Image>
    <Image Include="res\toolbar1.bmp">
      <Filter>Resource Files</Filter>
    </Image>
  </ItemGroup>
  <ItemGroup>
    <None Include="res\SideBySideToolbars.rc2">
      <Filter>Resource Files</Filter>
    </None>
  </ItemGroup>
  <ItemGroup>
    <Text Include="ReadMe.txt" />
  </ItemGroup>
  <ItemGroup>
    <Manifest Include="SideBySideToolbars.exe.manifest" />
  </ItemGroup>
</Project>