<?xml version="1.0" encoding="utf-8"?>
<Project ToolsVersion="4.0" xmlns="http://schemas.microsoft.com/developer/msbuild/2003">
  <ItemGroup>
    <Filter Include="Source Files">
      <UniqueIdentifier>{bffcd564-c8b1-4de5-b395-0a90f85e1333}</UniqueIdentifier>
      <Extensions>cpp;c;cxx;rc;def;r;odl;idl;hpj;bat</Extensions>
    </Filter>
    <Filter Include="Source Files\UTBSource">
      <UniqueIdentifier>{e15391b1-19db-413e-be5c-a115dd03d38f}</UniqueIdentifier>
    </Filter>
    <Filter Include="Header Files">
      <UniqueIdentifier>{c9552c58-e8af-42eb-a907-a766d75e5b94}</UniqueIdentifier>
      <Extensions>h;hpp;hxx;hm;inl</Extensions>
    </Filter>
    <Filter Include="Resource Files">
      <UniqueIdentifier>{ffd81b78-1116-4ee1-b93e-b42a5a67ce4d}</UniqueIdentifier>
      <Extensions>ico;cur;bmp;dlg;rc2;rct;bin;rgs;gif;jpg;jpeg;jpe</Extensions>
    </Filter>
  </ItemGroup>
  <ItemGroup>
    <ClCompile Include="CoolCombo.cpp">
      <Filter>Source Files</Filter>
    </ClCompile>
    <ClCompile Include="CoolComboDoc.cpp">
      <Filter>Source Files</Filter>
    </ClCompile>
    <ClCompile Include="CoolComboView.cpp">
      <Filter>Source Files</Filter>
    </ClCompile>
    <ClCompile Include="MainFrm.cpp">
      <Filter>Source Files</Filter>
    </ClCompile>
    <ClCompile Include="StdAfx.cpp">
      <Filter>Source Files</Filter>
    </ClCompile>
    <ClCompile Include="..\..\..\source\UTSampleAbout\HtmlCtrl.cpp">
      <Filter>Source Files\UTBSource</Filter>
    </ClCompile>
    <ClCompile Include="..\..\..\source\MFCToolBar.cpp">
      <Filter>Source Files\UTBSource</Filter>
    </ClCompile>
    <ClCompile Include="..\..\..\source\OX3DTabView.cpp">
      <Filter>Source Files\UTBSource</Filter>
    </ClCompile>
    <ClCompile Include="..\..\..\source\OXAdvancedAssert.cpp">
      <Filter>Source Files\UTBSource</Filter>
    </ClCompile>
    <ClCompile Include="..\..\..\source\OXAdvancedAssertMail.cpp">
      <Filter>Source Files\UTBSource</Filter>
    </ClCompile>
    <ClCompile Include="..\..\..\source\OXBitmapMenu.cpp">
      <Filter>Source Files\UTBSource</Filter>
    </ClCompile>
    <ClCompile Include="..\..\..\source\OXBitmapMenuOrganizer.cpp">
      <Filter>Source Files\UTBSource</Filter>
    </ClCompile>
    <ClCompile Include="..\..\..\Source\OXCoolComboBox.cpp">
      <Filter>Source Files\UTBSource</Filter>
    </ClCompile>
    <ClCompile Include="..\..\..\Source\OXCoolToolBar.cpp">
      <Filter>Source Files\UTBSource</Filter>
    </ClCompile>
    <ClCompile Include="..\..\..\source\oxdocktabctrl.cpp">
      <Filter>Source Files\UTBSource</Filter>
    </ClCompile>
    <ClCompile Include="..\..\..\source\OXDragDockContext.CPP">
      <Filter>Source Files\UTBSource</Filter>
    </ClCompile>
    <ClCompile Include="..\..\..\source\OXFrameWndDock.CPP">
      <Filter>Source Files\UTBSource</Filter>
    </ClCompile>
    <ClCompile Include="..\..\..\source\OXMDIFloatWnd.cpp">
      <Filter>Source Files\UTBSource</Filter>
    </ClCompile>
    <ClCompile Include="..\..\..\source\OXMenuBar.cpp">
      <Filter>Source Files\UTBSource</Filter>
    </ClCompile>
    <ClCompile Include="..\..\..\source\OXRectTracker.cpp">
      <Filter>Source Files\UTBSource</Filter>
    </ClCompile>
    <ClCompile Include="..\..\..\Source\OXSeparator.cpp">
      <Filter>Source Files\UTBSource</Filter>
    </ClCompile>
    <ClCompile Include="..\..\..\source\OXShortcutBar.cpp">
      <Filter>Source Files\UTBSource</Filter>
    </ClCompile>
    <ClCompile Include="..\..\..\source\OXSizeCtrlBar.CPP">
      <Filter>Source Files\UTBSource</Filter>
    </ClCompile>
    <ClCompile Include="..\..\..\source\OXSizeDockBar.cpp">
      <Filter>Source Files\UTBSource</Filter>
    </ClCompile>
    <ClCompile Include="..\..\..\source\OXSizeToolBar.cpp">
      <Filter>Source Files\UTBSource</Filter>
    </ClCompile>
    <ClCompile Include="..\..\..\source\OXSkinnedSpinCtrl.cpp">
      <Filter>Source Files\UTBSource</Filter>
    </ClCompile>
    <ClCompile Include="..\..\..\source\OXSkinnedTabCtrl.cpp">
      <Filter>Source Files\UTBSource</Filter>
    </ClCompile>
    <ClCompile Include="..\..\..\source\OXSkins.cpp">
      <Filter>Source Files\UTBSource</Filter>
    </ClCompile>
    <ClCompile Include="..\..\..\source\OXSplitterRect.cpp">
      <Filter>Source Files\UTBSource</Filter>
    </ClCompile>
    <ClCompile Include="..\..\..\source\OXSzMiniDockFrmWnd.cpp">
      <Filter>Source Files\UTBSource</Filter>
    </ClCompile>
    <ClCompile Include="..\..\..\source\OXTabClientWnd.cpp">
      <Filter>Source Files\UTBSource</Filter>
    </ClCompile>
    <ClCompile Include="..\..\..\Source\OXToolTipCtrl.cpp">
      <Filter>Source Files\UTBSource</Filter>
    </ClCompile>
    <ClCompile Include="..\..\..\source\OXUxTheme.cpp">
      <Filter>Source Files\UTBSource</Filter>
    </ClCompile>
    <ClCompile Include="..\..\..\source\UTBStrOp.cpp">
      <Filter>Source Files\UTBSource</Filter>
    </ClCompile>
    <ClCompile Include="..\..\..\Source\UTSampleAbout\UTSampleAbout.cpp">
      <Filter>Source Files\UTBSource</Filter>
    </ClCompile>
    <ClCompile Include="..\..\..\source\Xstatus4.cpp">
      <Filter>Source Files\UTBSource</Filter>
    </ClCompile>
  </ItemGroup>
  <ItemGroup>
    <ResourceCompile Include="CoolCombo.rc">
      <Filter>Source Files</Filter>
    </ResourceCompile>
  </ItemGroup>
  <ItemGroup>
    <ClInclude Include="CoolCombo.h">
      <Filter>Header Files</Filter>
    </ClInclude>
    <ClInclude Include="CoolComboDoc.h">
      <Filter>Header Files</Filter>
    </ClInclude>
    <ClInclude Include="CoolComboView.h">
      <Filter>Header Files</Filter>
    </ClInclude>
    <ClInclude Include="MainFrm.h">
      <Filter>Header Files</Filter>
    </ClInclude>
    <ClInclude Include="..\..\..\Include\OXCoolComboBox.h">
      <Filter>Header Files</Filter>
    </ClInclude>
    <ClInclude Include="..\..\..\Include\OXCoolCtrl.h">
      <Filter>Header Files</Filter>
    </ClInclude>
    <ClInclude Include="Resource.h">
      <Filter>Header Files</Filter>
    </ClInclude>
    <ClInclude Include="StdAfx.h">
      <Filter>Header Files</Filter>
    </ClInclude>
  </ItemGroup>
  <ItemGroup>
    <Image Include="res\CoolCombo.ico">
      <Filter>Resource Files</Filter>
    </Image>
    <Image Include="res\CoolComboDoc.ico">
      <Filter>Resource Files</Filter>
    </Image>
    <Image Include="res\Toolbar.bmp">
      <Filter>Resource Files</Filter>
    </Image>
  </ItemGroup>
  <ItemGroup>
    <None Include="res\CoolCombo.rc2">
      <Filter>Resource Files</Filter>
    </None>
  </ItemGroup>
  <ItemGroup>
    <Manifest Include="CoolCombo.exe.manifest" />
  </ItemGroup>
  <ItemGroup>
    <Text Include="ReadMe.txt" />
  </ItemGroup>
</Project>