<?xml version="1.0" encoding="utf-8"?>
<Project ToolsVersion="4.0" xmlns="http://schemas.microsoft.com/developer/msbuild/2003">
  <ItemGroup>
    <Filter Include="Source Files">
      <UniqueIdentifier>{cd71e515-ff78-4a9c-aad8-df3dc4cf98d0}</UniqueIdentifier>
      <Extensions>cpp;c;cxx;rc;def;r;odl;hpj;bat;for;f90</Extensions>
    </Filter>
    <Filter Include="Source Files\UTSource">
      <UniqueIdentifier>{86bb4b89-31b5-4a85-b426-b206c9176624}</UniqueIdentifier>
    </Filter>
    <Filter Include="Header Files">
      <UniqueIdentifier>{6d3bbf39-8bd4-4c71-822f-92cf56861b51}</UniqueIdentifier>
      <Extensions>h;hpp;hxx;hm;inl;fi;fd</Extensions>
    </Filter>
    <Filter Include="Resource Files">
      <UniqueIdentifier>{245f0eaf-6ed1-4dea-a90c-b2b64dd672ef}</UniqueIdentifier>
      <Extensions>ico;cur;bmp;dlg;rc2;rct;bin;cnt;rtf;gif;jpg;jpeg;jpe</Extensions>
    </Filter>
  </ItemGroup>
  <ItemGroup>
    <ClCompile Include="example.cpp">
      <Filter>Source Files</Filter>
    </ClCompile>
    <ClCompile Include="mainfrm.cpp">
      <Filter>Source Files</Filter>
    </ClCompile>
    <ClCompile Include="maxvirtd.cpp">
      <Filter>Source Files</Filter>
    </ClCompile>
    <ClCompile Include="Roll32.cpp">
      <Filter>Source Files</Filter>
    </ClCompile>
    <ClCompile Include="Roll3doc.cpp">
      <Filter>Source Files</Filter>
    </ClCompile>
    <ClCompile Include="Roll3vw.cpp">
      <Filter>Source Files</Filter>
    </ClCompile>
    <ClCompile Include="stdafx.cpp">
      <Filter>Source Files</Filter>
    </ClCompile>
    <ClCompile Include="..\..\..\source\UTSampleAbout\HtmlCtrl.cpp">
      <Filter>Source Files\UTSource</Filter>
    </ClCompile>
    <ClCompile Include="..\..\..\Source\OXRollup.CPP">
      <Filter>Source Files\UTSource</Filter>
    </ClCompile>
    <ClCompile Include="..\..\..\Source\OXTleBar.CPP">
      <Filter>Source Files\UTSource</Filter>
    </ClCompile>
    <ClCompile Include="..\..\..\source\UTBStrOp.cpp">
      <Filter>Source Files\UTSource</Filter>
    </ClCompile>
    <ClCompile Include="..\..\..\Source\UTSampleAbout\UTSampleAbout.cpp">
      <Filter>Source Files\UTSource</Filter>
    </ClCompile>
  </ItemGroup>
  <ItemGroup>
    <Text Include="readme.txt">
      <Filter>Source Files</Filter>
    </Text>
  </ItemGroup>
  <ItemGroup>
    <ResourceCompile Include="ROLL32.RC">
      <Filter>Source Files</Filter>
    </ResourceCompile>
  </ItemGroup>
  <ItemGroup>
    <ClInclude Include="EXAMPLE.H">
      <Filter>Header Files</Filter>
    </ClInclude>
    <ClInclude Include="mainfrm.h">
      <Filter>Header Files</Filter>
    </ClInclude>
    <ClInclude Include="MAXVIRTD.H">
      <Filter>Header Files</Filter>
    </ClInclude>
    <ClInclude Include="..\..\..\Include\OXRollup.H">
      <Filter>Header Files</Filter>
    </ClInclude>
    <ClInclude Include="ROLL32.H">
      <Filter>Header Files</Filter>
    </ClInclude>
    <ClInclude Include="ROLL3DOC.H">
      <Filter>Header Files</Filter>
    </ClInclude>
    <ClInclude Include="ROLL3VW.H">
      <Filter>Header Files</Filter>
    </ClInclude>
    <ClInclude Include="stdafx.h">
      <Filter>Header Files</Filter>
    </ClInclude>
  </ItemGroup>
  <ItemGroup>
    <Image Include="RES\MAXVIRT.BMP">
      <Filter>Resource Files</Filter>
    </Image>
    <Image Include="..\..\Include\RES\OXRUpBar.bmp">
      <Filter>Resource Files</Filter>
    </Image>
    <Image Include="RES\ROLL32.ICO">
      <Filter>Resource Files</Filter>
    </Image>
    <Image Include="RES\ROLL3DOC.ICO">
      <Filter>Resource Files</Filter>
    </Image>
    <Image Include="res\TITLEBAR.BMP">
      <Filter>Resource Files</Filter>
    </Image>
    <Image Include="RES\TOOLBAR.BMP">
      <Filter>Resource Files</Filter>
    </Image>
  </ItemGroup>
  <ItemGroup>
    <None Include="RES\ROLL32.RC2">
      <Filter>Resource Files</Filter>
    </None>
  </ItemGroup>
  <ItemGroup>
    <Manifest Include="Roll32.exe.manifest" />
  </ItemGroup>
</Project>